
Microsoft Visual Studio Solution File, Format Version 12.00
# Visual Studio 15
VisualStudioVersion = 15.0.28307.572
MinimumVisualStudioVersion = 10.0.40219.1
Project("{FAE04EC0-301F-11D3-BF4B-00C04F79EFBC}") = "WindowsApp", "WindowsApp\WindowsApp.csproj", "{F2728C06-057B-44E2-8862-C6B38D4CB427}"
EndProject
Project("{FAE04EC0-301F-11D3-BF4B-00C04F79EFBC}") = "ModuleA", "ViewA\ModuleA.csproj", "{A4EE9CB0-9B8B-4D73-A9C2-05B77744273B}"
EndProject
Project("{FAE04EC0-301F-11D3-BF4B-00C04F79EFBC}") = "ModuleEA", "ModuleEA\ModuleEA.csproj", "{C13DC686-77F9-46EB-8FDD-95E003F67BC3}"
EndProject
Project("{FAE04EC0-301F-11D3-BF4B-00C04F79EFBC}") = "ModuleEB", "ModuleEB\ModuleEB.csproj", "{B7345613-A20F-4C0F-87A6-8E7681A4E862}"
EndProject
Project("{FAE04EC0-301F-11D3-BF4B-00C04F79EFBC}") = "App.Infrastucture", "App.Infrastucture\App.Infrastucture.csproj", "{3F8AB3D5-D9E7-4D67-BC46-D87E6F6A57B4}"
EndProject
Project("{FAE04EC0-301F-11D3-BF4B-00C04F79EFBC}") = "ModuleNA", "ModuleNA\ModuleNA.csproj", "{7E2F818B-814B-4BFC-B516-4D315F139415}"
EndProject
Project("{FAE04EC0-301F-11D3-BF4B-00C04F79EFBC}") = "AppLogin", "Module.AppLogin\AppLogin.csproj", "{4EDA9A05-887F-4E95-9992-0D9D95FD1074}"
EndProject
Project("{FAE04EC0-301F-11D3-BF4B-00C04F79EFBC}") = "AppHome", "AppHome\AppHome.csproj", "{BDB6F6A8-1ACD-4FBC-9F7A-7D1C555A2B47}"
EndProject
Global
	GlobalSection(SolutionConfigurationPlatforms) = preSolution
		Debug|Any CPU = Debug|Any CPU
		Release|Any CPU = Release|Any CPU
	EndGlobalSection
	GlobalSection(ProjectConfigurationPlatforms) = postSolution
		{F2728C06-057B-44E2-8862-C6B38D4CB427}.Debug|Any CPU.ActiveCfg = Debug|Any CPU
		{F2728C06-057B-44E2-8862-C6B38D4CB427}.Debug|Any CPU.Build.0 = Debug|Any CPU
		{F2728C06-057B-44E2-8862-C6B38D4CB427}.Release|Any CPU.ActiveCfg = Release|Any CPU
		{F2728C06-057B-44E2-8862-C6B38D4CB427}.Release|Any CPU.Build.0 = Release|Any CPU
		{A4EE9CB0-9B8B-4D73-A9C2-05B77744273B}.Debug|Any CPU.ActiveCfg = Debug|Any CPU
		{A4EE9CB0-9B8B-4D73-A9C2-05B77744273B}.Debug|Any CPU.Build.0 = Debug|Any CPU
		{A4EE9CB0-9B8B-4D73-A9C2-05B77744273B}.Release|Any CPU.ActiveCfg = Release|Any CPU
		{A4EE9CB0-9B8B-4D73-A9C2-05B77744273B}.Release|Any CPU.Build.0 = Release|Any CPU
		{C13DC686-77F9-46EB-8FDD-95E003F67BC3}.Debug|Any CPU.ActiveCfg = Debug|Any CPU
		{C13DC686-77F9-46EB-8FDD-95E003F67BC3}.Debug|Any CPU.Build.0 = Debug|Any CPU
		{C13DC686-77F9-46EB-8FDD-95E003F67BC3}.Release|Any CPU.ActiveCfg = Release|Any CPU
		{C13DC686-77F9-46EB-8FDD-95E003F67BC3}.Release|Any CPU.Build.0 = Release|Any CPU
		{B7345613-A20F-4C0F-87A6-8E7681A4E862}.Debug|Any CPU.ActiveCfg = Debug|Any CPU
		{B7345613-A20F-4C0F-87A6-8E7681A4E862}.Debug|Any CPU.Build.0 = Debug|Any CPU
		{B7345613-A20F-4C0F-87A6-8E7681A4E862}.Release|Any CPU.ActiveCfg = Release|Any CPU
		{B7345613-A20F-4C0F-87A6-8E7681A4E862}.Release|Any CPU.Build.0 = Release|Any CPU
		{3F8AB3D5-D9E7-4D67-BC46-D87E6F6A57B4}.Debug|Any CPU.ActiveCfg = Debug|Any CPU
		{3F8AB3D5-D9E7-4D67-BC46-D87E6F6A57B4}.Debug|Any CPU.Build.0 = Debug|Any CPU
		{3F8AB3D5-D9E7-4D67-BC46-D87E6F6A57B4}.Release|Any CPU.ActiveCfg = Release|Any CPU
		{3F8AB3D5-D9E7-4D67-BC46-D87E6F6A57B4}.Release|Any CPU.Build.0 = Release|Any CPU
		{7E2F818B-814B-4BFC-B516-4D315F139415}.Debug|Any CPU.ActiveCfg = Debug|Any CPU
		{7E2F818B-814B-4BFC-B516-4D315F139415}.Debug|Any CPU.Build.0 = Debug|Any CPU
		{7E2F818B-814B-4BFC-B516-4D315F139415}.Release|Any CPU.ActiveCfg = Release|Any CPU
		{7E2F818B-814B-4BFC-B516-4D315F139415}.Release|Any CPU.Build.0 = Release|Any CPU
		{4EDA9A05-887F-4E95-9992-0D9D95FD1074}.Debug|Any CPU.ActiveCfg = Debug|Any CPU
		{4EDA9A05-887F-4E95-9992-0D9D95FD1074}.Debug|Any CPU.Build.0 = Debug|Any CPU
		{4EDA9A05-887F-4E95-9992-0D9D95FD1074}.Release|Any CPU.ActiveCfg = Release|Any CPU
		{4EDA9A05-887F-4E95-9992-0D9D95FD1074}.Release|Any CPU.Build.0 = Release|Any CPU
		{BDB6F6A8-1ACD-4FBC-9F7A-7D1C555A2B47}.Debug|Any CPU.ActiveCfg = Debug|Any CPU
		{BDB6F6A8-1ACD-4FBC-9F7A-7D1C555A2B47}.Debug|Any CPU.Build.0 = Debug|Any CPU
		{BDB6F6A8-1ACD-4FBC-9F7A-7D1C555A2B47}.Release|Any CPU.ActiveCfg = Release|Any CPU
		{BDB6F6A8-1ACD-4FBC-9F7A-7D1C555A2B47}.Release|Any CPU.Build.0 = Release|Any CPU
	EndGlobalSection
	GlobalSection(SolutionProperties) = preSolution
		HideSolutionNode = FALSE
	EndGlobalSection
	GlobalSection(ExtensibilityGlobals) = postSolution
		SolutionGuid = {442A9D54-B4D9-4A57-94A7-2D53ACD5634A}
	EndGlobalSection
EndGlobal
